{
  "nodes": {
    "advisory-db": {
      "flake": false,
      "locked": {
        "lastModified": 1733749954,
        "narHash": "sha256-2Ug80Uf/oUujxgh02Iy5vTG0V+Ab9+YUHuRLRY0ayiY=",
        "owner": "rustsec",
        "repo": "advisory-db",
        "rev": "ec9ce28714bb38d77a2223e7266df705500a7f11",
        "type": "github"
      },
      "original": {
        "owner": "rustsec",
        "repo": "advisory-db",
        "type": "github"
      }
    },
    "crane": {
      "locked": {
        "lastModified": 1733688869,
        "narHash": "sha256-KrhxxFj1CjESDrL5+u/zsVH0K+Ik9tvoac/oFPoxSB8=",
        "owner": "ipetkov",
        "repo": "crane",
        "rev": "604637106e420ad99907cae401e13ab6b452e7d9",
        "type": "github"
      },
      "original": {
        "owner": "ipetkov",
        "repo": "crane",
        "type": "github"
      }
    },
    "crane_2": {
      "locked": {
        "lastModified": 1727974419,
        "narHash": "sha256-WD0//20h+2/yPGkO88d2nYbb23WMWYvnRyDQ9Dx4UHg=",
        "owner": "ipetkov",
        "repo": "crane",
        "rev": "37e4f9f0976cb9281cd3f0c70081e5e0ecaee93f",
        "type": "github"
      },
      "original": {
        "owner": "ipetkov",
        "repo": "crane",
        "type": "github"
      }
    },
    "fenix": {
      "inputs": {
        "nixpkgs": [
          "nixpkgs"
        ],
        "rust-analyzer-src": "rust-analyzer-src"
      },
      "locked": {
        "lastModified": 1734157906,
        "narHash": "sha256-4zYEtbxdhYkmmFC5vgv9pmIVHylEuKs+iJb1XsKDN7o=",
        "owner": "nix-community",
        "repo": "fenix",
        "rev": "06de03ede52ce64db6eb65be878a39b5ec944f50",
        "type": "github"
      },
      "original": {
        "owner": "nix-community",
        "repo": "fenix",
        "type": "github"
      }
    },
    "flake-utils": {
      "inputs": {
        "systems": "systems"
      },
      "locked": {
        "lastModified": 1731533236,
        "narHash": "sha256-l0KFg5HjrsfsO/JpG+r7fRrqm12kzFHyUHqHCVpMMbI=",
        "owner": "numtide",
        "repo": "flake-utils",
        "rev": "11707dc2f618dd54ca8739b309ec4fc024de578b",
        "type": "github"
      },
      "original": {
        "owner": "numtide",
        "repo": "flake-utils",
        "type": "github"
      }
    },
    "flake-utils_2": {
      "inputs": {
        "systems": "systems_2"
      },
      "locked": {
        "lastModified": 1726560853,
        "narHash": "sha256-X6rJYSESBVr3hBoH0WbKE5KvhPU5bloyZ2L4K60/fPQ=",
        "owner": "numtide",
        "repo": "flake-utils",
        "rev": "c1dfcf08411b08f6b8615f7d8971a2bfa81d5e8a",
        "type": "github"
      },
      "original": {
        "owner": "numtide",
        "repo": "flake-utils",
        "type": "github"
      }
    },
    "helix": {
      "inputs": {
        "crane": "crane_2",
        "flake-utils": "flake-utils_2",
        "nixpkgs": "nixpkgs",
        "rust-overlay": "rust-overlay"
      },
      "locked": {
        "lastModified": 1734120292,
        "narHash": "sha256-L6f2Biwy5To1Nv6K+aw+zZo+UKPAFEGLzRy9n4BrdZQ=",
        "owner": "helix-editor",
        "repo": "helix",
        "rev": "e14c346ee74a44051b2c07c2255a6ab80142dbe7",
        "type": "github"
      },
      "original": {
        "owner": "helix-editor",
        "ref": "master",
        "repo": "helix",
        "type": "github"
      }
    },
    "nixpkgs": {
      "locked": {
        "lastModified": 1728018373,
        "narHash": "sha256-NOiTvBbRLIOe5F6RbHaAh6++BNjsb149fGZd1T4+KBg=",
        "owner": "nixos",
        "repo": "nixpkgs",
        "rev": "bc947f541ae55e999ffdb4013441347d83b00feb",
        "type": "github"
      },
      "original": {
        "owner": "nixos",
        "ref": "nixos-unstable",
        "repo": "nixpkgs",
        "type": "github"
      }
    },
    "nixpkgs_2": {
      "locked": {
        "lastModified": 1733935885,
        "narHash": "sha256-xyiHLs6KJ1fxeGmcCxKjJE4yJknVJxbC8Y/ZRYyC8WE=",
        "owner": "NixOS",
        "repo": "nixpkgs",
        "rev": "5a48e3c2e435e95103d56590188cfed7b70e108c",
        "type": "github"
      },
      "original": {
        "owner": "NixOS",
        "ref": "nixpkgs-unstable",
        "repo": "nixpkgs",
        "type": "github"
      }
    },
    "root": {
      "inputs": {
        "advisory-db": "advisory-db",
        "crane": "crane",
        "fenix": "fenix",
        "flake-utils": "flake-utils",
        "helix": "helix",
        "nixpkgs": "nixpkgs_2"
      }
    },
    "rust-analyzer-src": {
      "flake": false,
      "locked": {
        "lastModified": 1734121833,
        "narHash": "sha256-EZtwXmh9P9FnoXKfbjGxyWksjrjPB4HES2HVIV+STNg=",
        "owner": "rust-lang",
        "repo": "rust-analyzer",
        "rev": "fc18d263aa95f7d6de8174bd4c6663dfe865e6d5",
        "type": "github"
      },
      "original": {
        "owner": "rust-lang",
        "ref": "nightly",
        "repo": "rust-analyzer",
        "type": "github"
      }
    },
    "rust-overlay": {
      "inputs": {
        "nixpkgs": [
          "helix",
          "nixpkgs"
        ]
      },
      "locked": {
        "lastModified": 1728268235,
        "narHash": "sha256-lJMFnMO4maJuNO6PQ5fZesrTmglze3UFTTBuKGwR1Nw=",
        "owner": "oxalica",
        "repo": "rust-overlay",
        "rev": "25685cc2c7054efc31351c172ae77b21814f2d42",
        "type": "github"
      },
      "original": {
        "owner": "oxalica",
        "repo": "rust-overlay",
        "type": "github"
      }
    },
    "systems": {
      "locked": {
        "lastModified": 1681028828,
        "narHash": "sha256-Vy1rq5AaRuLzOxct8nz4T6wlgyUR7zLU309k9mBC768=",
        "owner": "nix-systems",
        "repo": "default",
        "rev": "da67096a3b9bf56a91d16901293e51ba5b49a27e",
        "type": "github"
      },
      "original": {
        "owner": "nix-systems",
        "repo": "default",
        "type": "github"
      }
    },
    "systems_2": {
      "locked": {
        "lastModified": 1681028828,
        "narHash": "sha256-Vy1rq5AaRuLzOxct8nz4T6wlgyUR7zLU309k9mBC768=",
        "owner": "nix-systems",
        "repo": "default",
        "rev": "da67096a3b9bf56a91d16901293e51ba5b49a27e",
        "type": "github"
      },
      "original": {
        "owner": "nix-systems",
        "repo": "default",
        "type": "github"
      }
    }
  },
  "root": "root",
  "version": 7
}
